// !$*UTF8*$!
{
	archiveVersion = 1;
	classes = {
	};
	objectVersion = 56;
	objects = {

/* Begin PBXBuildFile section */
		1581FA5E2CD219BE0061151D /* main.swift in Sources */ = {isa = PBXBuildFile; fileRef = 1581FA5D2CD219BE0061151D /* main.swift */; };
/* End PBXBuildFile section */

/* Begin PBXCopyFilesBuildPhase section */
		1581FA582CD219BE0061151D /* CopyFiles */ = {
			isa = PBXCopyFilesBuildPhase;
			buildActionMask = 2147483647;
			dstPath = /usr/share/man/man1/;
			dstSubfolderSpec = 0;
			files = (
			);
			runOnlyForDeploymentPostprocessing = 1;
		};
/* End PBXCopyFilesBuildPhase section */

/* Begin PBXFileReference section */
		1581FA5A2CD219BE0061151D /* 11-TimeComplexity */ = {isa = PBXFileReference; explicitFileType = "compiled.mach-o.executable"; includeInIndex = 0; path = "11-TimeComplexity"; sourceTree = BUILT_PRODUCTS_DIR; };
		1581FA5D2CD219BE0061151D /* main.swift */ = {isa = PBXFileReference; lastKnownFileType = sourcecode.swift; path = main.swift; sourceTree = "<group>"; };
		1581FA642CD219FC0061151D /* 24262-Algorithm1.swift */ = {isa = PBXFileReference; lastKnownFileType = sourcecode.swift; path = "24262-Algorithm1.swift"; sourceTree = "<group>"; };
		1581FA652CD21A6A0061151D /* 24263-Algorithm2.swift */ = {isa = PBXFileReference; lastKnownFileType = sourcecode.swift; path = "24263-Algorithm2.swift"; sourceTree = "<group>"; };
		1581FA662CD21B270061151D /* 24264-Algorithm3.swift */ = {isa = PBXFileReference; lastKnownFileType = sourcecode.swift; path = "24264-Algorithm3.swift"; sourceTree = "<group>"; };
		1581FA672CD21E150061151D /* 24266-Algorithm5.swift */ = {isa = PBXFileReference; lastKnownFileType = sourcecode.swift; path = "24266-Algorithm5.swift"; sourceTree = "<group>"; };
		1581FA682CD21ECA0061151D /* 24267-Algorithm6.swift */ = {isa = PBXFileReference; lastKnownFileType = sourcecode.swift; path = "24267-Algorithm6.swift"; sourceTree = "<group>"; };
		1581FA6A2CD2387C0061151D /* 24265-Algorithm4.swift */ = {isa = PBXFileReference; lastKnownFileType = sourcecode.swift; path = "24265-Algorithm4.swift"; sourceTree = "<group>"; };
		1581FA6B2CD23D830061151D /* 24313-AsymptatoticNotation1.swift */ = {isa = PBXFileReference; lastKnownFileType = sourcecode.swift; path = "24313-AsymptatoticNotation1.swift"; sourceTree = "<group>"; };
/* End PBXFileReference section */

/* Begin PBXFrameworksBuildPhase section */
		1581FA572CD219BE0061151D /* Frameworks */ = {
			isa = PBXFrameworksBuildPhase;
			buildActionMask = 2147483647;
			files = (
			);
			runOnlyForDeploymentPostprocessing = 0;
		};
/* End PBXFrameworksBuildPhase section */

/* Begin PBXGroup section */
		1581FA512CD219BD0061151D = {
			isa = PBXGroup;
			children = (
				1581FA5C2CD219BE0061151D /* 11-TimeComplexity */,
				1581FA5B2CD219BE0061151D /* Products */,
			);
			sourceTree = "<group>";
		};
		1581FA5B2CD219BE0061151D /* Products */ = {
			isa = PBXGroup;
			children = (
				1581FA5A2CD219BE0061151D /* 11-TimeComplexity */,
			);
			name = Products;
			sourceTree = "<group>";
		};
		1581FA5C2CD219BE0061151D /* 11-TimeComplexity */ = {
			isa = PBXGroup;
			children = (
				1581FA5D2CD219BE0061151D /* main.swift */,
				1581FA6B2CD23D830061151D /* 24313-AsymptatoticNotation1.swift */,
				1581FA672CD21E150061151D /* 24266-Algorithm5.swift */,
				1581FA682CD21ECA0061151D /* 24267-Algorithm6.swift */,
				1581FA662CD21B270061151D /* 24264-Algorithm3.swift */,
				1581FA6A2CD2387C0061151D /* 24265-Algorithm4.swift */,
				1581FA642CD219FC0061151D /* 24262-Algorithm1.swift */,
				1581FA652CD21A6A0061151D /* 24263-Algorithm2.swift */,
			);
			path = "11-TimeComplexity";
			sourceTree = "<group>";
		};
/* End PBXGroup section */

/* Begin PBXNativeTarget section */
		1581FA592CD219BE0061151D /* 11-TimeComplexity */ = {
			isa = PBXNativeTarget;
			buildConfigurationList = 1581FA612CD219BE0061151D /* Build configuration list for PBXNativeTarget "11-TimeComplexity" */;
			buildPhases = (
				1581FA562CD219BE0061151D /* Sources */,
				1581FA572CD219BE0061151D /* Frameworks */,
				1581FA582CD219BE0061151D /* CopyFiles */,
			);
			buildRules = (
			);
			dependencies = (
			);
			name = "11-TimeComplexity";
			productName = "11-TimeComplexity";
			productReference = 1581FA5A2CD219BE0061151D /* 11-TimeComplexity */;
			productType = "com.apple.product-type.tool";
		};
/* End PBXNativeTarget section */

/* Begin PBXProject section */
		1581FA522CD219BD0061151D /* Project object */ = {
			isa = PBXProject;
			attributes = {
				BuildIndependentTargetsInParallel = 1;
				LastSwiftUpdateCheck = 1540;
				LastUpgradeCheck = 1540;
				TargetAttributes = {
					1581FA592CD219BE0061151D = {
						CreatedOnToolsVersion = 15.4;
					};
				};
			};
			buildConfigurationList = 1581FA552CD219BD0061151D /* Build configuration list for PBXProject "11-TimeComplexity" */;
			compatibilityVersion = "Xcode 14.0";
			developmentRegion = en;
			hasScannedForEncodings = 0;
			knownRegions = (
				en,
				Base,
			);
			mainGroup = 1581FA512CD219BD0061151D;
			productRefGroup = 1581FA5B2CD219BE0061151D /* Products */;
			projectDirPath = "";
			projectRoot = "";
			targets = (
				1581FA592CD219BE0061151D /* 11-TimeComplexity */,
			);
		};
/* End PBXProject section */

/* Begin PBXSourcesBuildPhase section */
		1581FA562CD219BE0061151D /* Sources */ = {
			isa = PBXSourcesBuildPhase;
			buildActionMask = 2147483647;
			files = (
				1581FA5E2CD219BE0061151D /* main.swift in Sources */,
			);
			runOnlyForDeploymentPostprocessing = 0;
		};
/* End PBXSourcesBuildPhase section */

/* Begin XCBuildConfiguration section */
		1581FA5F2CD219BE0061151D /* Debug */ = {
			isa = XCBuildConfiguration;
			buildSettings = {
				ALWAYS_SEARCH_USER_PATHS = NO;
				ASSETCATALOG_COMPILER_GENERATE_SWIFT_ASSET_SYMBOL_EXTENSIONS = YES;
				CLANG_ANALYZER_NONNULL = YES;
				CLANG_ANALYZER_NUMBER_OBJECT_CONVERSION = YES_AGGRESSIVE;
				CLANG_CXX_LANGUAGE_STANDARD = "gnu++20";
				CLANG_ENABLE_MODULES = YES;
				CLANG_ENABLE_OBJC_ARC = YES;
				CLANG_ENABLE_OBJC_WEAK = YES;
				CLANG_WARN_BLOCK_CAPTURE_AUTORELEASING = YES;
				CLANG_WARN_BOOL_CONVERSION = YES;
				CLANG_WARN_COMMA = YES;
				CLANG_WARN_CONSTANT_CONVERSION = YES;
				CLANG_WARN_DEPRECATED_OBJC_IMPLEMENTATIONS = YES;
				CLANG_WARN_DIRECT_OBJC_ISA_USAGE = YES_ERROR;
				CLANG_WARN_DOCUMENTATION_COMMENTS = YES;
				CLANG_WARN_EMPTY_BODY = YES;
				CLANG_WARN_ENUM_CONVERSION = YES;
				CLANG_WARN_INFINITE_RECURSION = YES;
				CLANG_WARN_INT_CONVERSION = YES;
				CLANG_WARN_NON_LITERAL_NULL_CONVERSION = YES;
				CLANG_WARN_OBJC_IMPLICIT_RETAIN_SELF = YES;
				CLANG_WARN_OBJC_LITERAL_CONVERSION = YES;
				CLANG_WARN_OBJC_ROOT_CLASS = YES_ERROR;
				CLANG_WARN_QUOTED_INCLUDE_IN_FRAMEWORK_HEADER = YES;
				CLANG_WARN_RANGE_LOOP_ANALYSIS = YES;
				CLANG_WARN_STRICT_PROTOTYPES = YES;
				CLANG_WARN_SUSPICIOUS_MOVE = YES;
				CLANG_WARN_UNGUARDED_AVAILABILITY = YES_AGGRESSIVE;
				CLANG_WARN_UNREACHABLE_CODE = YES;
				CLANG_WARN__DUPLICATE_METHOD_MATCH = YES;
				COPY_PHASE_STRIP = NO;
				DEBUG_INFORMATION_FORMAT = dwarf;
				ENABLE_STRICT_OBJC_MSGSEND = YES;
				ENABLE_TESTABILITY = YES;
				ENABLE_USER_SCRIPT_SANDBOXING = YES;
				GCC_C_LANGUAGE_STANDARD = gnu17;
				GCC_DYNAMIC_NO_PIC = NO;
				GCC_NO_COMMON_BLOCKS = YES;
				GCC_OPTIMIZATION_LEVEL = 0;
				GCC_PREPROCESSOR_DEFINITIONS = (
					"DEBUG=1",
					"$(inherited)",
				);
				GCC_WARN_64_TO_32_BIT_CONVERSION = YES;
				GCC_WARN_ABOUT_RETURN_TYPE = YES_ERROR;
				GCC_WARN_UNDECLARED_SELECTOR = YES;
				GCC_WARN_UNINITIALIZED_AUTOS = YES_AGGRESSIVE;
				GCC_WARN_UNUSED_FUNCTION = YES;
				GCC_WARN_UNUSED_VARIABLE = YES;
				LOCALIZATION_PREFERS_STRING_CATALOGS = YES;
				MACOSX_DEPLOYMENT_TARGET = 14.5;
				MTL_ENABLE_DEBUG_INFO = INCLUDE_SOURCE;
				MTL_FAST_MATH = YES;
				ONLY_ACTIVE_ARCH = YES;
				SDKROOT = macosx;
				SWIFT_ACTIVE_COMPILATION_CONDITIONS = "DEBUG $(inherited)";
				SWIFT_OPTIMIZATION_LEVEL = "-Onone";
			};
			name = Debug;
		};
		1581FA602CD219BE0061151D /* Release */ = {
			isa = XCBuildConfiguration;
			buildSettings = {
				ALWAYS_SEARCH_USER_PATHS = NO;
				ASSETCATALOG_COMPILER_GENERATE_SWIFT_ASSET_SYMBOL_EXTENSIONS = YES;
				CLANG_ANALYZER_NONNULL = YES;
				CLANG_ANALYZER_NUMBER_OBJECT_CONVERSION = YES_AGGRESSIVE;
				CLANG_CXX_LANGUAGE_STANDARD = "gnu++20";
				CLANG_ENABLE_MODULES = YES;
				CLANG_ENABLE_OBJC_ARC = YES;
				CLANG_ENABLE_OBJC_WEAK = YES;
				CLANG_WARN_BLOCK_CAPTURE_AUTORELEASING = YES;
				CLANG_WARN_BOOL_CONVERSION = YES;
				CLANG_WARN_COMMA = YES;
				CLANG_WARN_CONSTANT_CONVERSION = YES;
				CLANG_WARN_DEPRECATED_OBJC_IMPLEMENTATIONS = YES;
				CLANG_WARN_DIRECT_OBJC_ISA_USAGE = YES_ERROR;
				CLANG_WARN_DOCUMENTATION_COMMENTS = YES;
				CLANG_WARN_EMPTY_BODY = YES;
				CLANG_WARN_ENUM_CONVERSION = YES;
				CLANG_WARN_INFINITE_RECURSION = YES;
				CLANG_WARN_INT_CONVERSION = YES;
				CLANG_WARN_NON_LITERAL_NULL_CONVERSION = YES;
				CLANG_WARN_OBJC_IMPLICIT_RETAIN_SELF = YES;
				CLANG_WARN_OBJC_LITERAL_CONVERSION = YES;
				CLANG_WARN_OBJC_ROOT_CLASS = YES_ERROR;
				CLANG_WARN_QUOTED_INCLUDE_IN_FRAMEWORK_HEADER = YES;
				CLANG_WARN_RANGE_LOOP_ANALYSIS = YES;
				CLANG_WARN_STRICT_PROTOTYPES = YES;
				CLANG_WARN_SUSPICIOUS_MOVE = YES;
				CLANG_WARN_UNGUARDED_AVAILABILITY = YES_AGGRESSIVE;
				CLANG_WARN_UNREACHABLE_CODE = YES;
				CLANG_WARN__DUPLICATE_METHOD_MATCH = YES;
				COPY_PHASE_STRIP = NO;
				DEBUG_INFORMATION_FORMAT = "dwarf-with-dsym";
				ENABLE_NS_ASSERTIONS = NO;
				ENABLE_STRICT_OBJC_MSGSEND = YES;
				ENABLE_USER_SCRIPT_SANDBOXING = YES;
				GCC_C_LANGUAGE_STANDARD = gnu17;
				GCC_NO_COMMON_BLOCKS = YES;
				GCC_WARN_64_TO_32_BIT_CONVERSION = YES;
				GCC_WARN_ABOUT_RETURN_TYPE = YES_ERROR;
				GCC_WARN_UNDECLARED_SELECTOR = YES;
				GCC_WARN_UNINITIALIZED_AUTOS = YES_AGGRESSIVE;
				GCC_WARN_UNUSED_FUNCTION = YES;
				GCC_WARN_UNUSED_VARIABLE = YES;
				LOCALIZATION_PREFERS_STRING_CATALOGS = YES;
				MACOSX_DEPLOYMENT_TARGET = 14.5;
				MTL_ENABLE_DEBUG_INFO = NO;
				MTL_FAST_MATH = YES;
				SDKROOT = macosx;
				SWIFT_COMPILATION_MODE = wholemodule;
			};
			name = Release;
		};
		1581FA622CD219BE0061151D /* Debug */ = {
			isa = XCBuildConfiguration;
			buildSettings = {
				CODE_SIGN_STYLE = Automatic;
				DEVELOPMENT_TEAM = 4QUWH828P3;
				ENABLE_HARDENED_RUNTIME = YES;
				PRODUCT_NAME = "$(TARGET_NAME)";
				SWIFT_VERSION = 5.0;
			};
			name = Debug;
		};
		1581FA632CD219BE0061151D /* Release */ = {
			isa = XCBuildConfiguration;
			buildSettings = {
				CODE_SIGN_STYLE = Automatic;
				DEVELOPMENT_TEAM = 4QUWH828P3;
				ENABLE_HARDENED_RUNTIME = YES;
				PRODUCT_NAME = "$(TARGET_NAME)";
				SWIFT_VERSION = 5.0;
			};
			name = Release;
		};
/* End XCBuildConfiguration section */

/* Begin XCConfigurationList section */
		1581FA552CD219BD0061151D /* Build configuration list for PBXProject "11-TimeComplexity" */ = {
			isa = XCConfigurationList;
			buildConfigurations = (
				1581FA5F2CD219BE0061151D /* Debug */,
				1581FA602CD219BE0061151D /* Release */,
			);
			defaultConfigurationIsVisible = 0;
			defaultConfigurationName = Release;
		};
		1581FA612CD219BE0061151D /* Build configuration list for PBXNativeTarget "11-TimeComplexity" */ = {
			isa = XCConfigurationList;
			buildConfigurations = (
				1581FA622CD219BE0061151D /* Debug */,
				1581FA632CD219BE0061151D /* Release */,
			);
			defaultConfigurationIsVisible = 0;
			defaultConfigurationName = Release;
		};
/* End XCConfigurationList section */
	};
	rootObject = 1581FA522CD219BD0061151D /* Project object */;
}
